{
  "name": "test-npm-workspaces",
  "version": "1.0.0",
  "lockfileVersion": 3,
  "requires": true,
  "packages": {
    "": {
      "name": "test-npm-workspaces",
      "version": "1.0.0",
      "devDependencies": {
        "typescript": "^5.4.5"
      },
      "workspaces": [
        "packages/*"
      ]
    },
    "node_modules/axios": {
      "version": "1.6.8",
      "resolved": "https://registry.npmjs.org/axios/-/axios-1.6.8.tgz",
      "integrity": "sha512-v/Z 주제74iO7g5r+0h5F/p4F6/P2/0b3a=="
    },
    "node_modules/lodash": {
      "version": "4.17.21",
      "resolved": "https://registry.npmjs.org/lodash/-/lodash-4.17.21.tgz",
      "integrity": "sha512-v2kDEe57lecTulaDIuNTPy3Ry4gLGJ6Z1O3vE1krgXZNrsQ+LFTGHVxVjcXPs17LhbZVGedAJv8XZ1tvj5FvSg=="
    },
    "node_modules/typescript": {
      "version": "5.4.5",
      "resolved": "https://registry.npmjs.org/typescript/-/typescript-5.4.5.tgz",
      "integrity": "sha512-C0WQT0gezHuw6AdY1M2jxUO83RjfKK99JnUbBKbBrMCNPIUzsGbk62XJGxjjPtvPNHyZ13h8bid5P194gwcSQw=="
    },
    "packages/core": {
      "name": "@workspace-demo/core",
      "version": "1.0.0",
      "dependencies": {
        "lodash": "^4.17.21"
      }
    },
    "packages/web": {
      "name": "@workspace-demo/web",
      "version": "1.0.0",
      "dependencies": {
        "@workspace-demo/core": "1.0.0",
        "axios": "^1.6.8"
      }
    }
  }
}
