# THIS IS AN AUTOGENERATED FILE. DO NOT EDIT MANUALLY.
# yarn lockfile v1

"@babel/core@^7.0.0", "@babel/core@^7.20.0":
  version "7.24.0"
  resolved "https://registry.yarnpkg.com/@babel/core/-/core-7.24.0.tgz#89dfa69a080d7f5020fe829a63d42c0332e44382"
  integrity sha512-5XUvmMuXSDmvQO3STSpuMGWNQSLLOHESJRgK07cPZKNL4wBa82uPwsN4uhJM9GPq8G6hA9TrDrUvo+Vjz1hvw==
  dependencies:
    "@babel/parser" "^7.24.0"

"@babel/parser@^7.24.0":
  version "7.24.0"
  resolved "https://registry.yarnpkg.com/@babel/parser/-/parser-7.24.0.tgz#2679f8333379c956c7730ab0567639c4881edb61"
  integrity sha512-QuP/ZKprliGCSpSxP9Y69VoKTM3Z3NAWVW242PzvUMag+WBAUvA3Zb55hQo7cC9ORCR219Wh5TiA83tRKgkYMw==

"@types/node@^20.11.0":
  version "20.11.24"
  resolved "https://registry.yarnpkg.com/@types/node/-/node-20.11.24.tgz#41c2c3175c2e39dd8246e4b2d354bce8f5f68b9f"
  integrity sha512-Kza43ewCGVoctzyxUWBEXlTLhv0NdZCc2G692fyNUC+zDOkgKzkggjECgzGvewpTV2XdRcTZczwkhhMtxIu5TQ==
  dependencies:
    undici-types "~5.26.4"

ansi-styles@^4.1.0:
  version "4.3.0"
  resolved "https://registry.yarnpkg.com/ansi-styles/-/ansi-styles-4.3.0.tgz#7818fb852f158f5d0e7a9b9e64753229c605b6da"
  integrity sha512-zbB9rCJAT1RBmemVDsohh0TH79hED9uIQBRUwtGhIjpz6S442Euw2894Z9V5cdBiU83vjOQvu985v91bLUiGww==

chalk@^4.1.2:
  version "4.1.2"
  resolved "https://registry.yarnpkg.com/chalk/-/chalk-4.1.2.tgz#aac4e2b7734a740867aeb16bf02aad556a1e7a01"
  integrity sha512-oKnbhFyRIXpUuez8iBMmyEa4nbj4IOQyuhc/wy9kY7/WVPcwIO9VA668Pu8RkO7+0G76SLROeyw9CpQ061i4mA==
  dependencies:
    ansi-styles "^4.1.0"

undici-types@~5.26.4:
  version "5.26.5"
  resolved "https://registry.yarnpkg.com/undici-types/-/undici-types-5.26.5.tgz#bcd539893d00b56e964fd2657a4866b221a65617"
  integrity sha512-JlCMO+ehdEIKqlFxk6IfVoAUVmgz7cU7zD/h9XZ0qzeosSHmUJVOzSQvvYSYWXkFXC+IfLKSIffhv0sVZup6pA==
