{
  "name": "test-node-engine",
  "version": "1.0.0",
  "lockfileVersion": 2,
  "requires": true,
  "packages": {
    "": {
      "name": "test-node-engine",
      "version": "1.0.0",
      "dependencies": {
        "express": "4.17.1"
      }
    },
    "node_modules/express": {
      "version": "4.17.1"
    }
  },
  "dependencies": {
    "express": {
      "version": "4.17.1"
    }
  }
}
